// !$*UTF8*$!
{
	archiveVersion = 1;
	classes = {
	};
	objectVersion = 50;
	objects = {

/* Begin PBXBuildFile section */
		454C1509234F6CB20008582E /* RestaurantDetail.swift in Sources */ = {isa = PBXBuildFile; fileRef = 454C1508234F6CB20008582E /* RestaurantDetail.swift */; };
		4568FA8A23620F2700E3C015 /* User.swift in Sources */ = {isa = PBXBuildFile; fileRef = 4568FA8923620F2700E3C015 /* User.swift */; };
		457BF663238C3AAA00DDC091 /* StartView.swift in Sources */ = {isa = PBXBuildFile; fileRef = 457BF662238C3AAA00DDC091 /* StartView.swift */; };
		457BF667238D809F00DDC091 /* RatingView.swift in Sources */ = {isa = PBXBuildFile; fileRef = 457BF666238D809F00DDC091 /* RatingView.swift */; };
		45835586235C996F00F54AA2 /* SearchBar.swift in Sources */ = {isa = PBXBuildFile; fileRef = 45835585235C996F00F54AA2 /* SearchBar.swift */; };
		4585616D238907DC00D65441 /* UserRegistrationViewModel.swift in Sources */ = {isa = PBXBuildFile; fileRef = 4585616C238907DC00D65441 /* UserRegistrationViewModel.swift */; };
		4585616F238A5F7500D65441 /* RestaurantCloudRow.swift in Sources */ = {isa = PBXBuildFile; fileRef = 4585616E238A5F7500D65441 /* RestaurantCloudRow.swift */; };
		45886D71238BFC4E00679891 /* NewRestaurantView.swift in Sources */ = {isa = PBXBuildFile; fileRef = 45886D70238BFC4E00679891 /* NewRestaurantView.swift */; };
		45A70E492356367200B8CCB3 /* RestaurantLocalList.swift in Sources */ = {isa = PBXBuildFile; fileRef = 45A70E482356367200B8CCB3 /* RestaurantLocalList.swift */; };
		45A70E4B235641C900B8CCB3 /* restaurantCloudData.json in Resources */ = {isa = PBXBuildFile; fileRef = 45A70E4A235641C900B8CCB3 /* restaurantCloudData.json */; };
		45B01AB2234ECCBE00C00AE3 /* AppDelegate.swift in Sources */ = {isa = PBXBuildFile; fileRef = 45B01AB1234ECCBE00C00AE3 /* AppDelegate.swift */; };
		45B01AB4234ECCBE00C00AE3 /* SceneDelegate.swift in Sources */ = {isa = PBXBuildFile; fileRef = 45B01AB3234ECCBE00C00AE3 /* SceneDelegate.swift */; };
		45B01AB8234ECCC100C00AE3 /* Assets.xcassets in Resources */ = {isa = PBXBuildFile; fileRef = 45B01AB7234ECCC100C00AE3 /* Assets.xcassets */; };
		45B01ABB234ECCC100C00AE3 /* Preview Assets.xcassets in Resources */ = {isa = PBXBuildFile; fileRef = 45B01ABA234ECCC100C00AE3 /* Preview Assets.xcassets */; };
		45B01ABE234ECCC100C00AE3 /* LaunchScreen.storyboard in Resources */ = {isa = PBXBuildFile; fileRef = 45B01ABC234ECCC100C00AE3 /* LaunchScreen.storyboard */; };
		45D98DFA234F1C22008C68F3 /* Restaurant.swift in Sources */ = {isa = PBXBuildFile; fileRef = 45D98DF9234F1C22008C68F3 /* Restaurant.swift */; };
		45DEB60A2351AA1600B90180 /* CircleImage.swift in Sources */ = {isa = PBXBuildFile; fileRef = 45DEB6092351AA1600B90180 /* CircleImage.swift */; };
		45DEB6112351AB5D00B90180 /* UIColor+Ext.swift in Sources */ = {isa = PBXBuildFile; fileRef = 45DEB6102351AB5D00B90180 /* UIColor+Ext.swift */; };
		45DEB6192351E70500B90180 /* LocalView.swift in Sources */ = {isa = PBXBuildFile; fileRef = 45DEB6182351E70500B90180 /* LocalView.swift */; };
		45DEB61E23521D2600B90180 /* restaurantData.json in Resources */ = {isa = PBXBuildFile; fileRef = 45DEB61D23521D2600B90180 /* restaurantData.json */; };
		45DEB627235227EB00B90180 /* MapView.swift in Sources */ = {isa = PBXBuildFile; fileRef = 45DEB626235227EB00B90180 /* MapView.swift */; };
		45DEB6292352302600B90180 /* LoginView.swift in Sources */ = {isa = PBXBuildFile; fileRef = 45DEB6282352302600B90180 /* LoginView.swift */; };
		45DEB62B2352ECA200B90180 /* UserData.swift in Sources */ = {isa = PBXBuildFile; fileRef = 45DEB62A2352ECA200B90180 /* UserData.swift */; };
		45DEB62F2353A37400B90180 /* Default-568h@2x.png in Resources */ = {isa = PBXBuildFile; fileRef = 45DEB62E2353A37400B90180 /* Default-568h@2x.png */; };
		45DEB6312353A46A00B90180 /* Tab.swift in Sources */ = {isa = PBXBuildFile; fileRef = 45DEB6302353A46A00B90180 /* Tab.swift */; };
		45DEB6332353A77000B90180 /* CloudView.swift in Sources */ = {isa = PBXBuildFile; fileRef = 45DEB6322353A77000B90180 /* CloudView.swift */; };
		45DEB6352353A87600B90180 /* SearchView.swift in Sources */ = {isa = PBXBuildFile; fileRef = 45DEB6342353A87600B90180 /* SearchView.swift */; };
		45F386A023607D2000D662CC /* FoodHub.xcdatamodeld in Sources */ = {isa = PBXBuildFile; fileRef = 45F3869E23607D2000D662CC /* FoodHub.xcdatamodeld */; };
		45F386A42360826300D662CC /* AboutView.swift in Sources */ = {isa = PBXBuildFile; fileRef = 45F386A12360826300D662CC /* AboutView.swift */; };
		45F386A52360826300D662CC /* WeChatView.swift in Sources */ = {isa = PBXBuildFile; fileRef = 45F386A22360826300D662CC /* WeChatView.swift */; };
		45F386A62360826300D662CC /* WebView.swift in Sources */ = {isa = PBXBuildFile; fileRef = 45F386A32360826300D662CC /* WebView.swift */; };
		45F386A8236089F500D662CC /* EnrollView.swift in Sources */ = {isa = PBXBuildFile; fileRef = 45F386A7236089F500D662CC /* EnrollView.swift */; };
/* End PBXBuildFile section */

/* Begin PBXFileReference section */
		454C1508234F6CB20008582E /* RestaurantDetail.swift */ = {isa = PBXFileReference; lastKnownFileType = sourcecode.swift; path = RestaurantDetail.swift; sourceTree = "<group>"; };
		4568FA8923620F2700E3C015 /* User.swift */ = {isa = PBXFileReference; lastKnownFileType = sourcecode.swift; path = User.swift; sourceTree = "<group>"; };
		457BF662238C3AAA00DDC091 /* StartView.swift */ = {isa = PBXFileReference; lastKnownFileType = sourcecode.swift; path = StartView.swift; sourceTree = "<group>"; };
		457BF666238D809F00DDC091 /* RatingView.swift */ = {isa = PBXFileReference; lastKnownFileType = sourcecode.swift; path = RatingView.swift; sourceTree = "<group>"; };
		45835585235C996F00F54AA2 /* SearchBar.swift */ = {isa = PBXFileReference; lastKnownFileType = sourcecode.swift; path = SearchBar.swift; sourceTree = "<group>"; };
		4585616C238907DC00D65441 /* UserRegistrationViewModel.swift */ = {isa = PBXFileReference; lastKnownFileType = sourcecode.swift; path = UserRegistrationViewModel.swift; sourceTree = "<group>"; };
		4585616E238A5F7500D65441 /* RestaurantCloudRow.swift */ = {isa = PBXFileReference; lastKnownFileType = sourcecode.swift; path = RestaurantCloudRow.swift; sourceTree = "<group>"; };
		45886D70238BFC4E00679891 /* NewRestaurantView.swift */ = {isa = PBXFileReference; lastKnownFileType = sourcecode.swift; path = NewRestaurantView.swift; sourceTree = "<group>"; };
		45A70E482356367200B8CCB3 /* RestaurantLocalList.swift */ = {isa = PBXFileReference; lastKnownFileType = sourcecode.swift; path = RestaurantLocalList.swift; sourceTree = "<group>"; };
		45A70E4A235641C900B8CCB3 /* restaurantCloudData.json */ = {isa = PBXFileReference; fileEncoding = 4; lastKnownFileType = text.json; name = restaurantCloudData.json; path = FoodHub/restaurantCloudData.json; sourceTree = SOURCE_ROOT; };
		45B01AAE234ECCBE00C00AE3 /* FoodHub.app */ = {isa = PBXFileReference; explicitFileType = wrapper.application; includeInIndex = 0; path = FoodHub.app; sourceTree = BUILT_PRODUCTS_DIR; };
		45B01AB1234ECCBE00C00AE3 /* AppDelegate.swift */ = {isa = PBXFileReference; lastKnownFileType = sourcecode.swift; path = AppDelegate.swift; sourceTree = "<group>"; };
		45B01AB3234ECCBE00C00AE3 /* SceneDelegate.swift */ = {isa = PBXFileReference; lastKnownFileType = sourcecode.swift; path = SceneDelegate.swift; sourceTree = "<group>"; };
		45B01AB7234ECCC100C00AE3 /* Assets.xcassets */ = {isa = PBXFileReference; lastKnownFileType = folder.assetcatalog; path = Assets.xcassets; sourceTree = "<group>"; };
		45B01ABA234ECCC100C00AE3 /* Preview Assets.xcassets */ = {isa = PBXFileReference; lastKnownFileType = folder.assetcatalog; path = "Preview Assets.xcassets"; sourceTree = "<group>"; };
		45B01ABD234ECCC100C00AE3 /* Base */ = {isa = PBXFileReference; lastKnownFileType = file.storyboard; name = Base; path = Base.lproj/LaunchScreen.storyboard; sourceTree = "<group>"; };
		45B01ABF234ECCC100C00AE3 /* Info.plist */ = {isa = PBXFileReference; lastKnownFileType = text.plist.xml; path = Info.plist; sourceTree = "<group>"; };
		45D98DF9234F1C22008C68F3 /* Restaurant.swift */ = {isa = PBXFileReference; lastKnownFileType = sourcecode.swift; path = Restaurant.swift; sourceTree = "<group>"; };
		45DEB6092351AA1600B90180 /* CircleImage.swift */ = {isa = PBXFileReference; lastKnownFileType = sourcecode.swift; path = CircleImage.swift; sourceTree = "<group>"; };
		45DEB6102351AB5D00B90180 /* UIColor+Ext.swift */ = {isa = PBXFileReference; lastKnownFileType = sourcecode.swift; path = "UIColor+Ext.swift"; sourceTree = "<group>"; };
		45DEB6182351E70500B90180 /* LocalView.swift */ = {isa = PBXFileReference; lastKnownFileType = sourcecode.swift; path = LocalView.swift; sourceTree = "<group>"; };
		45DEB61D23521D2600B90180 /* restaurantData.json */ = {isa = PBXFileReference; fileEncoding = 4; lastKnownFileType = text.json; name = restaurantData.json; path = FoodHub/restaurantData.json; sourceTree = SOURCE_ROOT; };
		45DEB626235227EB00B90180 /* MapView.swift */ = {isa = PBXFileReference; lastKnownFileType = sourcecode.swift; path = MapView.swift; sourceTree = "<group>"; };
		45DEB6282352302600B90180 /* LoginView.swift */ = {isa = PBXFileReference; fileEncoding = 4; lastKnownFileType = sourcecode.swift; path = LoginView.swift; sourceTree = "<group>"; };
		45DEB62A2352ECA200B90180 /* UserData.swift */ = {isa = PBXFileReference; lastKnownFileType = sourcecode.swift; path = UserData.swift; sourceTree = "<group>"; };
		45DEB62E2353A37400B90180 /* Default-568h@2x.png */ = {isa = PBXFileReference; lastKnownFileType = image.png; path = "Default-568h@2x.png"; sourceTree = "<group>"; };
		45DEB6302353A46A00B90180 /* Tab.swift */ = {isa = PBXFileReference; lastKnownFileType = sourcecode.swift; path = Tab.swift; sourceTree = "<group>"; };
		45DEB6322353A77000B90180 /* CloudView.swift */ = {isa = PBXFileReference; fileEncoding = 4; lastKnownFileType = sourcecode.swift; path = CloudView.swift; sourceTree = "<group>"; };
		45DEB6342353A87600B90180 /* SearchView.swift */ = {isa = PBXFileReference; lastKnownFileType = sourcecode.swift; path = SearchView.swift; sourceTree = "<group>"; };
		45F3869F23607D2000D662CC /* RestaurantMO.xcdatamodel */ = {isa = PBXFileReference; lastKnownFileType = wrapper.xcdatamodel; path = RestaurantMO.xcdatamodel; sourceTree = "<group>"; };
		45F386A12360826300D662CC /* AboutView.swift */ = {isa = PBXFileReference; fileEncoding = 4; lastKnownFileType = sourcecode.swift; path = AboutView.swift; sourceTree = "<group>"; };
		45F386A22360826300D662CC /* WeChatView.swift */ = {isa = PBXFileReference; fileEncoding = 4; lastKnownFileType = sourcecode.swift; path = WeChatView.swift; sourceTree = "<group>"; };
		45F386A32360826300D662CC /* WebView.swift */ = {isa = PBXFileReference; fileEncoding = 4; lastKnownFileType = sourcecode.swift; path = WebView.swift; sourceTree = "<group>"; };
		45F386A7236089F500D662CC /* EnrollView.swift */ = {isa = PBXFileReference; lastKnownFileType = sourcecode.swift; path = EnrollView.swift; sourceTree = "<group>"; };
/* End PBXFileReference section */

/* Begin PBXFrameworksBuildPhase section */
		45B01AAB234ECCBE00C00AE3 /* Frameworks */ = {
			isa = PBXFrameworksBuildPhase;
			buildActionMask = 2147483647;
			files = (
			);
			runOnlyForDeploymentPostprocessing = 0;
		};
/* End PBXFrameworksBuildPhase section */

/* Begin PBXGroup section */
		457BF668238D80B600DDC091 /* DetailView Supporting */ = {
			isa = PBXGroup;
			children = (
				454C1508234F6CB20008582E /* RestaurantDetail.swift */,
				457BF666238D809F00DDC091 /* RatingView.swift */,
				45DEB626235227EB00B90180 /* MapView.swift */,
			);
			path = "DetailView Supporting";
			sourceTree = "<group>";
		};
		457BF669238D80E600DDC091 /* AboutView Supporting */ = {
			isa = PBXGroup;
			children = (
				45F386A22360826300D662CC /* WeChatView.swift */,
				45F386A32360826300D662CC /* WebView.swift */,
			);
			path = "AboutView Supporting";
			sourceTree = "<group>";
		};
		458561692388E22100D65441 /* EnrollandLogin */ = {
			isa = PBXGroup;
			children = (
				45F386A7236089F500D662CC /* EnrollView.swift */,
				45DEB6282352302600B90180 /* LoginView.swift */,
				4585616C238907DC00D65441 /* UserRegistrationViewModel.swift */,
			);
			path = EnrollandLogin;
			sourceTree = "<group>";
		};
		45B01AA5234ECCBE00C00AE3 = {
			isa = PBXGroup;
			children = (
				45DEB62E2353A37400B90180 /* Default-568h@2x.png */,
				45B01AB0234ECCBE00C00AE3 /* FoodHub */,
				45B01AAF234ECCBE00C00AE3 /* Products */,
			);
			sourceTree = "<group>";
		};
		45B01AAF234ECCBE00C00AE3 /* Products */ = {
			isa = PBXGroup;
			children = (
				45B01AAE234ECCBE00C00AE3 /* FoodHub.app */,
			);
			name = Products;
			sourceTree = "<group>";
		};
		45B01AB0234ECCBE00C00AE3 /* FoodHub */ = {
			isa = PBXGroup;
			children = (
				457BF662238C3AAA00DDC091 /* StartView.swift */,
				458561692388E22100D65441 /* EnrollandLogin */,
				45DEB6302353A46A00B90180 /* Tab.swift */,
				45DEB6182351E70500B90180 /* LocalView.swift */,
				45DEB6322353A77000B90180 /* CloudView.swift */,
				45DEB6342353A87600B90180 /* SearchView.swift */,
				45F386A12360826300D662CC /* AboutView.swift */,
				45F3869D23605BC600D662CC /* NewRestaurant */,
				457BF668238D80B600DDC091 /* DetailView Supporting */,
				457BF669238D80E600DDC091 /* AboutView Supporting */,
				45DEB6082351AA0000B90180 /* Supporting Views */,
				45DEB6072351A75700B90180 /* Model */,
				45DEB61C23521CFD00B90180 /* Resources */,
				45DEB6062351A71F00B90180 /* Supporting Files */,
				45B01AB9234ECCC100C00AE3 /* Preview Content */,
				45DEB60B2351AAE000B90180 /* Extentions */,
				45B01AB7234ECCC100C00AE3 /* Assets.xcassets */,
				45F3869E23607D2000D662CC /* FoodHub.xcdatamodeld */,
				45B01ABF234ECCC100C00AE3 /* Info.plist */,
			);
			path = FoodHub;
			sourceTree = "<group>";
		};
		45B01AB9234ECCC100C00AE3 /* Preview Content */ = {
			isa = PBXGroup;
			children = (
				45B01ABA234ECCC100C00AE3 /* Preview Assets.xcassets */,
			);
			path = "Preview Content";
			sourceTree = "<group>";
		};
		45DEB6062351A71F00B90180 /* Supporting Files */ = {
			isa = PBXGroup;
			children = (
				45B01ABC234ECCC100C00AE3 /* LaunchScreen.storyboard */,
				45B01AB1234ECCBE00C00AE3 /* AppDelegate.swift */,
				45B01AB3234ECCBE00C00AE3 /* SceneDelegate.swift */,
			);
			path = "Supporting Files";
			sourceTree = "<group>";
		};
		45DEB6072351A75700B90180 /* Model */ = {
			isa = PBXGroup;
			children = (
				45DEB62A2352ECA200B90180 /* UserData.swift */,
				45D98DF9234F1C22008C68F3 /* Restaurant.swift */,
				4568FA8923620F2700E3C015 /* User.swift */,
			);
			path = Model;
			sourceTree = "<group>";
		};
		45DEB6082351AA0000B90180 /* Supporting Views */ = {
			isa = PBXGroup;
			children = (
				45A70E482356367200B8CCB3 /* RestaurantLocalList.swift */,
				4585616E238A5F7500D65441 /* RestaurantCloudRow.swift */,
				45DEB6092351AA1600B90180 /* CircleImage.swift */,
				45835585235C996F00F54AA2 /* SearchBar.swift */,
			);
			path = "Supporting Views";
			sourceTree = "<group>";
		};
		45DEB60B2351AAE000B90180 /* Extentions */ = {
			isa = PBXGroup;
			children = (
				45DEB6102351AB5D00B90180 /* UIColor+Ext.swift */,
			);
			path = Extentions;
			sourceTree = "<group>";
		};
		45DEB61C23521CFD00B90180 /* Resources */ = {
			isa = PBXGroup;
			children = (
				45A70E4A235641C900B8CCB3 /* restaurantCloudData.json */,
				45DEB61D23521D2600B90180 /* restaurantData.json */,
			);
			path = Resources;
			sourceTree = "<group>";
		};
		45F3869D23605BC600D662CC /* NewRestaurant */ = {
			isa = PBXGroup;
			children = (
				45886D70238BFC4E00679891 /* NewRestaurantView.swift */,
			);
			path = NewRestaurant;
			sourceTree = "<group>";
		};
/* End PBXGroup section */

/* Begin PBXNativeTarget section */
		45B01AAD234ECCBE00C00AE3 /* FoodHub */ = {
			isa = PBXNativeTarget;
			buildConfigurationList = 45B01AC2234ECCC100C00AE3 /* Build configuration list for PBXNativeTarget "FoodHub" */;
			buildPhases = (
				45B01AAA234ECCBE00C00AE3 /* Sources */,
				45B01AAB234ECCBE00C00AE3 /* Frameworks */,
				45B01AAC234ECCBE00C00AE3 /* Resources */,
			);
			buildRules = (
			);
			dependencies = (
			);
			name = FoodHub;
			productName = FoodHub;
			productReference = 45B01AAE234ECCBE00C00AE3 /* FoodHub.app */;
			productType = "com.apple.product-type.application";
		};
/* End PBXNativeTarget section */

/* Begin PBXProject section */
		45B01AA6234ECCBE00C00AE3 /* Project object */ = {
			isa = PBXProject;
			attributes = {
				LastSwiftUpdateCheck = 1100;
				LastUpgradeCheck = 1100;
				ORGANIZATIONNAME = JeffRen;
				TargetAttributes = {
					45B01AAD234ECCBE00C00AE3 = {
						CreatedOnToolsVersion = 11.0;
					};
				};
			};
			buildConfigurationList = 45B01AA9234ECCBE00C00AE3 /* Build configuration list for PBXProject "FoodHub" */;
			compatibilityVersion = "Xcode 9.3";
			developmentRegion = en;
			hasScannedForEncodings = 0;
			knownRegions = (
				en,
				Base,
			);
			mainGroup = 45B01AA5234ECCBE00C00AE3;
			productRefGroup = 45B01AAF234ECCBE00C00AE3 /* Products */;
			projectDirPath = "";
			projectRoot = "";
			targets = (
				45B01AAD234ECCBE00C00AE3 /* FoodHub */,
			);
		};
/* End PBXProject section */

/* Begin PBXResourcesBuildPhase section */
		45B01AAC234ECCBE00C00AE3 /* Resources */ = {
			isa = PBXResourcesBuildPhase;
			buildActionMask = 2147483647;
			files = (
				45B01ABE234ECCC100C00AE3 /* LaunchScreen.storyboard in Resources */,
				45A70E4B235641C900B8CCB3 /* restaurantCloudData.json in Resources */,
				45B01ABB234ECCC100C00AE3 /* Preview Assets.xcassets in Resources */,
				45DEB61E23521D2600B90180 /* restaurantData.json in Resources */,
				45DEB62F2353A37400B90180 /* Default-568h@2x.png in Resources */,
				45B01AB8234ECCC100C00AE3 /* Assets.xcassets in Resources */,
			);
			runOnlyForDeploymentPostprocessing = 0;
		};
/* End PBXResourcesBuildPhase section */

/* Begin PBXSourcesBuildPhase section */
		45B01AAA234ECCBE00C00AE3 /* Sources */ = {
			isa = PBXSourcesBuildPhase;
			buildActionMask = 2147483647;
			files = (
				45DEB6112351AB5D00B90180 /* UIColor+Ext.swift in Sources */,
				457BF663238C3AAA00DDC091 /* StartView.swift in Sources */,
				45D98DFA234F1C22008C68F3 /* Restaurant.swift in Sources */,
				454C1509234F6CB20008582E /* RestaurantDetail.swift in Sources */,
				45835586235C996F00F54AA2 /* SearchBar.swift in Sources */,
				45DEB6332353A77000B90180 /* CloudView.swift in Sources */,
				45A70E492356367200B8CCB3 /* RestaurantLocalList.swift in Sources */,
				457BF667238D809F00DDC091 /* RatingView.swift in Sources */,
				45B01AB2234ECCBE00C00AE3 /* AppDelegate.swift in Sources */,
				4585616D238907DC00D65441 /* UserRegistrationViewModel.swift in Sources */,
				45B01AB4234ECCBE00C00AE3 /* SceneDelegate.swift in Sources */,
				45F386A52360826300D662CC /* WeChatView.swift in Sources */,
				45DEB62B2352ECA200B90180 /* UserData.swift in Sources */,
				45F386A62360826300D662CC /* WebView.swift in Sources */,
				45DEB6312353A46A00B90180 /* Tab.swift in Sources */,
				45F386A42360826300D662CC /* AboutView.swift in Sources */,
				45DEB6192351E70500B90180 /* LocalView.swift in Sources */,
				4568FA8A23620F2700E3C015 /* User.swift in Sources */,
				45DEB6352353A87600B90180 /* SearchView.swift in Sources */,
				45DEB627235227EB00B90180 /* MapView.swift in Sources */,
				45DEB6292352302600B90180 /* LoginView.swift in Sources */,
				45886D71238BFC4E00679891 /* NewRestaurantView.swift in Sources */,
				4585616F238A5F7500D65441 /* RestaurantCloudRow.swift in Sources */,
				45F386A023607D2000D662CC /* FoodHub.xcdatamodeld in Sources */,
				45F386A8236089F500D662CC /* EnrollView.swift in Sources */,
				45DEB60A2351AA1600B90180 /* CircleImage.swift in Sources */,
			);
			runOnlyForDeploymentPostprocessing = 0;
		};
/* End PBXSourcesBuildPhase section */

/* Begin PBXVariantGroup section */
		45B01ABC234ECCC100C00AE3 /* LaunchScreen.storyboard */ = {
			isa = PBXVariantGroup;
			children = (
				45B01ABD234ECCC100C00AE3 /* Base */,
			);
			name = LaunchScreen.storyboard;
			sourceTree = "<group>";
		};
/* End PBXVariantGroup section */

/* Begin XCBuildConfiguration section */
		45B01AC0234ECCC100C00AE3 /* Debug */ = {
			isa = XCBuildConfiguration;
			buildSettings = {
				ALWAYS_SEARCH_USER_PATHS = NO;
				CLANG_ANALYZER_NONNULL = YES;
				CLANG_ANALYZER_NUMBER_OBJECT_CONVERSION = YES_AGGRESSIVE;
				CLANG_CXX_LANGUAGE_STANDARD = "gnu++14";
				CLANG_CXX_LIBRARY = "libc++";
				CLANG_ENABLE_MODULES = YES;
				CLANG_ENABLE_OBJC_ARC = YES;
				CLANG_ENABLE_OBJC_WEAK = YES;
				CLANG_WARN_BLOCK_CAPTURE_AUTORELEASING = YES;
				CLANG_WARN_BOOL_CONVERSION = YES;
				CLANG_WARN_COMMA = YES;
				CLANG_WARN_CONSTANT_CONVERSION = YES;
				CLANG_WARN_DEPRECATED_OBJC_IMPLEMENTATIONS = YES;
				CLANG_WARN_DIRECT_OBJC_ISA_USAGE = YES_ERROR;
				CLANG_WARN_DOCUMENTATION_COMMENTS = YES;
				CLANG_WARN_EMPTY_BODY = YES;
				CLANG_WARN_ENUM_CONVERSION = YES;
				CLANG_WARN_INFINITE_RECURSION = YES;
				CLANG_WARN_INT_CONVERSION = YES;
				CLANG_WARN_NON_LITERAL_NULL_CONVERSION = YES;
				CLANG_WARN_OBJC_IMPLICIT_RETAIN_SELF = YES;
				CLANG_WARN_OBJC_LITERAL_CONVERSION = YES;
				CLANG_WARN_OBJC_ROOT_CLASS = YES_ERROR;
				CLANG_WARN_RANGE_LOOP_ANALYSIS = YES;
				CLANG_WARN_STRICT_PROTOTYPES = YES;
				CLANG_WARN_SUSPICIOUS_MOVE = YES;
				CLANG_WARN_UNGUARDED_AVAILABILITY = YES_AGGRESSIVE;
				CLANG_WARN_UNREACHABLE_CODE = YES;
				CLANG_WARN__DUPLICATE_METHOD_MATCH = YES;
				COPY_PHASE_STRIP = NO;
				DEBUG_INFORMATION_FORMAT = dwarf;
				ENABLE_STRICT_OBJC_MSGSEND = YES;
				ENABLE_TESTABILITY = YES;
				GCC_C_LANGUAGE_STANDARD = gnu11;
				GCC_DYNAMIC_NO_PIC = NO;
				GCC_NO_COMMON_BLOCKS = YES;
				GCC_OPTIMIZATION_LEVEL = 0;
				GCC_PREPROCESSOR_DEFINITIONS = (
					"DEBUG=1",
					"$(inherited)",
				);
				GCC_WARN_64_TO_32_BIT_CONVERSION = YES;
				GCC_WARN_ABOUT_RETURN_TYPE = YES_ERROR;
				GCC_WARN_UNDECLARED_SELECTOR = YES;
				GCC_WARN_UNINITIALIZED_AUTOS = YES_AGGRESSIVE;
				GCC_WARN_UNUSED_FUNCTION = YES;
				GCC_WARN_UNUSED_VARIABLE = YES;
				IPHONEOS_DEPLOYMENT_TARGET = 13.0;
				MTL_ENABLE_DEBUG_INFO = INCLUDE_SOURCE;
				MTL_FAST_MATH = YES;
				ONLY_ACTIVE_ARCH = YES;
				SDKROOT = iphoneos;
				SWIFT_ACTIVE_COMPILATION_CONDITIONS = DEBUG;
				SWIFT_OPTIMIZATION_LEVEL = "-Onone";
			};
			name = Debug;
		};
		45B01AC1234ECCC100C00AE3 /* Release */ = {
			isa = XCBuildConfiguration;
			buildSettings = {
				ALWAYS_SEARCH_USER_PATHS = NO;
				CLANG_ANALYZER_NONNULL = YES;
				CLANG_ANALYZER_NUMBER_OBJECT_CONVERSION = YES_AGGRESSIVE;
				CLANG_CXX_LANGUAGE_STANDARD = "gnu++14";
				CLANG_CXX_LIBRARY = "libc++";
				CLANG_ENABLE_MODULES = YES;
				CLANG_ENABLE_OBJC_ARC = YES;
				CLANG_ENABLE_OBJC_WEAK = YES;
				CLANG_WARN_BLOCK_CAPTURE_AUTORELEASING = YES;
				CLANG_WARN_BOOL_CONVERSION = YES;
				CLANG_WARN_COMMA = YES;
				CLANG_WARN_CONSTANT_CONVERSION = YES;
				CLANG_WARN_DEPRECATED_OBJC_IMPLEMENTATIONS = YES;
				CLANG_WARN_DIRECT_OBJC_ISA_USAGE = YES_ERROR;
				CLANG_WARN_DOCUMENTATION_COMMENTS = YES;
				CLANG_WARN_EMPTY_BODY = YES;
				CLANG_WARN_ENUM_CONVERSION = YES;
				CLANG_WARN_INFINITE_RECURSION = YES;
				CLANG_WARN_INT_CONVERSION = YES;
				CLANG_WARN_NON_LITERAL_NULL_CONVERSION = YES;
				CLANG_WARN_OBJC_IMPLICIT_RETAIN_SELF = YES;
				CLANG_WARN_OBJC_LITERAL_CONVERSION = YES;
				CLANG_WARN_OBJC_ROOT_CLASS = YES_ERROR;
				CLANG_WARN_RANGE_LOOP_ANALYSIS = YES;
				CLANG_WARN_STRICT_PROTOTYPES = YES;
				CLANG_WARN_SUSPICIOUS_MOVE = YES;
				CLANG_WARN_UNGUARDED_AVAILABILITY = YES_AGGRESSIVE;
				CLANG_WARN_UNREACHABLE_CODE = YES;
				CLANG_WARN__DUPLICATE_METHOD_MATCH = YES;
				COPY_PHASE_STRIP = NO;
				DEBUG_INFORMATION_FORMAT = "dwarf-with-dsym";
				ENABLE_NS_ASSERTIONS = NO;
				ENABLE_STRICT_OBJC_MSGSEND = YES;
				GCC_C_LANGUAGE_STANDARD = gnu11;
				GCC_NO_COMMON_BLOCKS = YES;
				GCC_WARN_64_TO_32_BIT_CONVERSION = YES;
				GCC_WARN_ABOUT_RETURN_TYPE = YES_ERROR;
				GCC_WARN_UNDECLARED_SELECTOR = YES;
				GCC_WARN_UNINITIALIZED_AUTOS = YES_AGGRESSIVE;
				GCC_WARN_UNUSED_FUNCTION = YES;
				GCC_WARN_UNUSED_VARIABLE = YES;
				IPHONEOS_DEPLOYMENT_TARGET = 13.0;
				MTL_ENABLE_DEBUG_INFO = NO;
				MTL_FAST_MATH = YES;
				SDKROOT = iphoneos;
				SWIFT_COMPILATION_MODE = wholemodule;
				SWIFT_OPTIMIZATION_LEVEL = "-O";
				VALIDATE_PRODUCT = YES;
			};
			name = Release;
		};
		45B01AC3234ECCC100C00AE3 /* Debug */ = {
			isa = XCBuildConfiguration;
			buildSettings = {
				ASSETCATALOG_COMPILER_APPICON_NAME = AppIcon;
				CODE_SIGN_STYLE = Automatic;
				DEVELOPMENT_ASSET_PATHS = "\"FoodHub/Preview Content\"";
				DEVELOPMENT_TEAM = ZJ52L3N5X3;
				ENABLE_PREVIEWS = YES;
				INFOPLIST_FILE = FoodHub/Info.plist;
				LD_RUNPATH_SEARCH_PATHS = (
					"$(inherited)",
					"@executable_path/Frameworks",
				);
				PRODUCT_BUNDLE_IDENTIFIER = top.jeffren.FoodHub;
				PRODUCT_NAME = "$(TARGET_NAME)";
				SWIFT_VERSION = 5.0;
				TARGETED_DEVICE_FAMILY = "1,2";
			};
			name = Debug;
		};
		45B01AC4234ECCC100C00AE3 /* Release */ = {
			isa = XCBuildConfiguration;
			buildSettings = {
				ASSETCATALOG_COMPILER_APPICON_NAME = AppIcon;
				CODE_SIGN_STYLE = Automatic;
				DEVELOPMENT_ASSET_PATHS = "\"FoodHub/Preview Content\"";
				DEVELOPMENT_TEAM = ZJ52L3N5X3;
				ENABLE_PREVIEWS = YES;
				INFOPLIST_FILE = FoodHub/Info.plist;
				LD_RUNPATH_SEARCH_PATHS = (
					"$(inherited)",
					"@executable_path/Frameworks",
				);
				PRODUCT_BUNDLE_IDENTIFIER = top.jeffren.FoodHub;
				PRODUCT_NAME = "$(TARGET_NAME)";
				SWIFT_VERSION = 5.0;
				TARGETED_DEVICE_FAMILY = "1,2";
			};
			name = Release;
		};
/* End XCBuildConfiguration section */

/* Begin XCConfigurationList section */
		45B01AA9234ECCBE00C00AE3 /* Build configuration list for PBXProject "FoodHub" */ = {
			isa = XCConfigurationList;
			buildConfigurations = (
				45B01AC0234ECCC100C00AE3 /* Debug */,
				45B01AC1234ECCC100C00AE3 /* Release */,
			);
			defaultConfigurationIsVisible = 0;
			defaultConfigurationName = Release;
		};
		45B01AC2234ECCC100C00AE3 /* Build configuration list for PBXNativeTarget "FoodHub" */ = {
			isa = XCConfigurationList;
			buildConfigurations = (
				45B01AC3234ECCC100C00AE3 /* Debug */,
				45B01AC4234ECCC100C00AE3 /* Release */,
			);
			defaultConfigurationIsVisible = 0;
			defaultConfigurationName = Release;
		};
/* End XCConfigurationList section */

/* Begin XCVersionGroup section */
		45F3869E23607D2000D662CC /* FoodHub.xcdatamodeld */ = {
			isa = XCVersionGroup;
			children = (
				45F3869F23607D2000D662CC /* RestaurantMO.xcdatamodel */,
			);
			currentVersion = 45F3869F23607D2000D662CC /* RestaurantMO.xcdatamodel */;
			path = FoodHub.xcdatamodeld;
			sourceTree = "<group>";
			versionGroupType = wrapper.xcdatamodel;
		};
/* End XCVersionGroup section */
	};
	rootObject = 45B01AA6234ECCBE00C00AE3 /* Project object */;
}
